<?xml version="1.0" encoding="utf-8"?>
<Project ToolsVersion="4.0" xmlns="http://schemas.microsoft.com/developer/msbuild/2003">
  <ItemGroup>
    <Filter Include="Source Files">
      <UniqueIdentifier>{556b9864-da13-4a4f-834c-317258462fdb}</UniqueIdentifier>
      <Extensions>cpp;c;cxx;rc;def;r;odl;idl;hpj;bat</Extensions>
    </Filter>
    <Filter Include="Header Files">
      <UniqueIdentifier>{d07796b4-92db-4ffe-b3b7-c31d69dc1f87}</UniqueIdentifier>
      <Extensions>h;hpp;hxx;hm;inl</Extensions>
    </Filter>
  </ItemGroup>
  <ItemGroup>
    <ClCompile Include="..\think_cfg.c">
      <Filter>Source Files</Filter>
    </ClCompile>
    <ClCompile Include="..\think_conf.c">
      <Filter>Source Files</Filter>
    </ClCompile>
    <ClCompile Include="..\think_db.c">
      <Filter>Source Files</Filter>
    </ClCompile>
    <ClCompile Include="..\think_error.c">
      <Filter>Source Files</Filter>
    </ClCompile>
    <ClCompile Include="..\think_file.c">
      <Filter>Source Files</Filter>
    </ClCompile>
    <ClCompile Include="..\think_gl.c">
      <Filter>Source Files</Filter>
    </ClCompile>
    <ClCompile Include="..\think_log.c">
      <Filter>Source Files</Filter>
    </ClCompile>
    <ClCompile Include="..\think_mutex.c">
      <Filter>Source Files</Filter>
    </ClCompile>
    <ClCompile Include="..\think_net.c">
      <Filter>Source Files</Filter>
    </ClCompile>
    <ClCompile Include="..\think_netcenter.c">
      <Filter>Source Files</Filter>
    </ClCompile>
    <ClCompile Include="..\think_os.c">
      <Filter>Source Files</Filter>
    </ClCompile>
    <ClCompile Include="..\think_sem.c">
      <Filter>Source Files</Filter>
    </ClCompile>
    <ClCompile Include="..\think_shm.c">
      <Filter>Source Files</Filter>
    </ClCompile>
    <ClCompile Include="..\think_shmq.c">
      <Filter>Source Files</Filter>
    </ClCompile>
    <ClCompile Include="..\think_thread.c">
      <Filter>Source Files</Filter>
    </ClCompile>
    <ClCompile Include="..\think_threadmutex.c">
      <Filter>Source Files</Filter>
    </ClCompile>
    <ClCompile Include="..\think_timer.c">
      <Filter>Source Files</Filter>
    </ClCompile>
    <ClCompile Include="..\think_timercenter.c">
      <Filter>Source Files</Filter>
    </ClCompile>
    <ClCompile Include="..\think_utility.c">
      <Filter>Source Files</Filter>
    </ClCompile>
  </ItemGroup>
  <ItemGroup>
    <ClInclude Include="..\think.h">
      <Filter>Header Files</Filter>
    </ClInclude>
    <ClInclude Include="..\think_cfg.h">
      <Filter>Header Files</Filter>
    </ClInclude>
    <ClInclude Include="..\think_conf.h">
      <Filter>Header Files</Filter>
    </ClInclude>
    <ClInclude Include="..\think_db.h">
      <Filter>Header Files</Filter>
    </ClInclude>
    <ClInclude Include="..\think_error.h">
      <Filter>Header Files</Filter>
    </ClInclude>
    <ClInclude Include="..\think_file.h">
      <Filter>Header Files</Filter>
    </ClInclude>
    <ClInclude Include="..\think_gl.h">
      <Filter>Header Files</Filter>
    </ClInclude>
    <ClInclude Include="..\think_log.h">
      <Filter>Header Files</Filter>
    </ClInclude>
    <ClInclude Include="..\think_mutex.h">
      <Filter>Header Files</Filter>
    </ClInclude>
    <ClInclude Include="..\think_net.h">
      <Filter>Header Files</Filter>
    </ClInclude>
    <ClInclude Include="..\think_netcenter.h">
      <Filter>Header Files</Filter>
    </ClInclude>
    <ClInclude Include="..\think_os.h">
      <Filter>Header Files</Filter>
    </ClInclude>
    <ClInclude Include="..\think_sem.h">
      <Filter>Header Files</Filter>
    </ClInclude>
    <ClInclude Include="..\think_shm.h">
      <Filter>Header Files</Filter>
    </ClInclude>
    <ClInclude Include="..\think_shmq.h">
      <Filter>Header Files</Filter>
    </ClInclude>
    <ClInclude Include="..\think_thread.h">
      <Filter>Header Files</Filter>
    </ClInclude>
    <ClInclude Include="..\think_threadmutex.h">
      <Filter>Header Files</Filter>
    </ClInclude>
    <ClInclude Include="..\think_timer.h">
      <Filter>Header Files</Filter>
    </ClInclude>
    <ClInclude Include="..\think_timercenter.h">
      <Filter>Header Files</Filter>
    </ClInclude>
    <ClInclude Include="..\think_utility.h">
      <Filter>Header Files</Filter>
    </ClInclude>
  </ItemGroup>
</Project>
